<Solution>
  <Project Path="../../../../../../OneDrive - Instituto Tecnológico de Las Américas (ITLA)/CRUDP3/sistema de inventario/InventarioCore/InventarioCore/InventaCore.Tests/InventaCore.Tests.csproj" />
  <Project Path="../../../../../../OneDrive - Instituto Tecnológico de Las Américas (ITLA)/CRUDP3/sistema de inventario/InventarioCore/InventarioCore/InventarioCore.csproj" />
</Solution>
